
Microsoft Visual Studio Solution File, Format Version 12.00
# Visual Studio 15
VisualStudioVersion = 15.0.27703.2042
MinimumVisualStudioVersion = 10.0.40219.1
Project("{FAE04EC0-301F-11D3-BF4B-00C04F79EFBC}") = "TestGit", "TestGit\TestGit.csproj", "{0AF8AB77-EEC4-4280-8F63-60BEB16330FB}"
EndProject
Global
	GlobalSection(SolutionConfigurationPlatforms) = preSolution
		Debug|Any CPU = Debug|Any CPU
		Release|Any CPU = Release|Any CPU
	EndGlobalSection
	GlobalSection(ProjectConfigurationPlatforms) = postSolution
		{0AF8AB77-EEC4-4280-8F63-60BEB16330FB}.Debug|Any CPU.ActiveCfg = Debug|Any CPU
		{0AF8AB77-EEC4-4280-8F63-60BEB16330FB}.Debug|Any CPU.Build.0 = Debug|Any CPU
		{0AF8AB77-EEC4-4280-8F63-60BEB16330FB}.Release|Any CPU.ActiveCfg = Release|Any CPU
		{0AF8AB77-EEC4-4280-8F63-60BEB16330FB}.Release|Any CPU.Build.0 = Release|Any CPU
	EndGlobalSection
	GlobalSection(SolutionProperties) = preSolution
		HideSolutionNode = FALSE
	EndGlobalSection
	GlobalSection(ExtensibilityGlobals) = postSolution
		SolutionGuid = {1DCB2D24-5D51-42F6-9681-32B8D5B449AD}
	EndGlobalSection
EndGlobal
